
Microsoft Visual Studio Solution File, Format Version 12.00
# Visual Studio Version 17
VisualStudioVersion = 17.7.34031.279
MinimumVisualStudioVersion = 10.0.40219.1
Project("{FAE04EC0-301F-11D3-BF4B-00C04F79EFBC}") = "TestCaseB", "TestCaseB\TestCaseB.csproj", "{C1BAC6ED-7DA5-4943-93A6-3FB293FABE56}"
EndProject
Global
	GlobalSection(SolutionConfigurationPlatforms) = preSolution
		Debug|Any CPU = Debug|Any CPU
		Release|Any CPU = Release|Any CPU
	EndGlobalSection
	GlobalSection(ProjectConfigurationPlatforms) = postSolution
		{C1BAC6ED-7DA5-4943-93A6-3FB293FABE56}.Debug|Any CPU.ActiveCfg = Debug|Any CPU
		{C1BAC6ED-7DA5-4943-93A6-3FB293FABE56}.Debug|Any CPU.Build.0 = Debug|Any CPU
		{C1BAC6ED-7DA5-4943-93A6-3FB293FABE56}.Release|Any CPU.ActiveCfg = Release|Any CPU
		{C1BAC6ED-7DA5-4943-93A6-3FB293FABE56}.Release|Any CPU.Build.0 = Release|Any CPU
	EndGlobalSection
	GlobalSection(SolutionProperties) = preSolution
		HideSolutionNode = FALSE
	EndGlobalSection
	GlobalSection(ExtensibilityGlobals) = postSolution
		SolutionGuid = {8FA978EA-D309-46AD-905F-DFB25F5FF4AB}
	EndGlobalSection
EndGlobal
